
Microsoft Visual Studio Solution File, Format Version 12.00
# Visual Studio 14
VisualStudioVersion = 14.0.25420.1
MinimumVisualStudioVersion = 10.0.40219.1
Project("{FAE04EC0-301F-11D3-BF4B-00C04F79EFBC}") = "SeleniumSauceLabsPOC", "SeleniumSauceLabsPOC\SeleniumSauceLabsPOC.csproj", "{00F47A4E-A620-4016-92C6-C4C475E784C3}"
EndProject
Project("{2150E333-8FDC-42A3-9474-1A3956D46DE8}") = "Solution Items", "Solution Items", "{549FF5A0-681C-43D7-96DF-0232CDA4237C}"
	ProjectSection(SolutionItems) = preProject
		appveyor.yml = appveyor.yml
		README.md = README.md
	EndProjectSection
EndProject
Project("{2150E333-8FDC-42A3-9474-1A3956D46DE8}") = "build", "build", "{F831D431-82CC-4336-8B61-C71229AA1695}"
	ProjectSection(SolutionItems) = preProject
		build\build.ps1 = build\build.ps1
	EndProjectSection
EndProject
Global
	GlobalSection(SolutionConfigurationPlatforms) = preSolution
		Debug|Any CPU = Debug|Any CPU
		OSXElCapitanSafari|Any CPU = OSXElCapitanSafari|Any CPU
		Release|Any CPU = Release|Any CPU
		Win10Chrome|Any CPU = Win10Chrome|Any CPU
		Win10Firefox|Any CPU = Win10Firefox|Any CPU
	EndGlobalSection
	GlobalSection(ProjectConfigurationPlatforms) = postSolution
		{00F47A4E-A620-4016-92C6-C4C475E784C3}.Debug|Any CPU.ActiveCfg = Debug|Any CPU
		{00F47A4E-A620-4016-92C6-C4C475E784C3}.Debug|Any CPU.Build.0 = Debug|Any CPU
		{00F47A4E-A620-4016-92C6-C4C475E784C3}.OSXElCapitanSafari|Any CPU.ActiveCfg = OSXElCapitanSafari|Any CPU
		{00F47A4E-A620-4016-92C6-C4C475E784C3}.OSXElCapitanSafari|Any CPU.Build.0 = OSXElCapitanSafari|Any CPU
		{00F47A4E-A620-4016-92C6-C4C475E784C3}.Release|Any CPU.ActiveCfg = Release|Any CPU
		{00F47A4E-A620-4016-92C6-C4C475E784C3}.Release|Any CPU.Build.0 = Release|Any CPU
		{00F47A4E-A620-4016-92C6-C4C475E784C3}.Win10Chrome|Any CPU.ActiveCfg = Win10Chrome|Any CPU
		{00F47A4E-A620-4016-92C6-C4C475E784C3}.Win10Chrome|Any CPU.Build.0 = Win10Chrome|Any CPU
		{00F47A4E-A620-4016-92C6-C4C475E784C3}.Win10Firefox|Any CPU.ActiveCfg = Win10Firefox|Any CPU
		{00F47A4E-A620-4016-92C6-C4C475E784C3}.Win10Firefox|Any CPU.Build.0 = Win10Firefox|Any CPU
	EndGlobalSection
	GlobalSection(SolutionProperties) = preSolution
		HideSolutionNode = FALSE
	EndGlobalSection
EndGlobal
